
Microsoft Visual Studio Solution File, Format Version 12.00
# Visual Studio 2012
Project("{FAE04EC0-301F-11D3-BF4B-00C04F79EFBC}") = "Introduction", "Introduction\Introduction.csproj", "{E2D930AE-3C7A-478F-B873-9E5E5962E9E3}"
EndProject
Project("{FAE04EC0-301F-11D3-BF4B-00C04F79EFBC}") = "Fundamentals", "Fundamentals\Fundamentals.csproj", "{9FBA3C02-F296-42D6-A518-D674EE929382}"
EndProject
Project("{FAE04EC0-301F-11D3-BF4B-00C04F79EFBC}") = "Fundamentals.UnitTests", "Fundamentals.UnitTests\Fundamentals.UnitTests.csproj", "{F6F693FC-0163-4ACD-838A-BC06B800D656}"
EndProject
Project("{FAE04EC0-301F-11D3-BF4B-00C04F79EFBC}") = "Equality", "Equality\Equality.csproj", "{33607F7E-0FF9-4158-8940-F30AFC91200B}"
EndProject
Project("{FAE04EC0-301F-11D3-BF4B-00C04F79EFBC}") = "EqualityOperator", "EqualityOperator\EqualityOperator.csproj", "{46F9B114-5F97-43E5-B06F-83EBED9A3CEF}"
EndProject
Project("{FAE04EC0-301F-11D3-BF4B-00C04F79EFBC}") = "CustomEqualityImplementation", "CustomEqualityImplementation\CustomEqualityImplementation.csproj", "{9A1BCDBA-B811-4696-B701-BA564C6E498A}"
EndProject
Project("{FAE04EC0-301F-11D3-BF4B-00C04F79EFBC}") = "ComparisonsInDotNet", "ComparisonsInDotNet\ComparisonsInDotNet.csproj", "{637D1689-AE6E-464C-A374-E8CB46AE3FD9}"
EndProject
Project("{FAE04EC0-301F-11D3-BF4B-00C04F79EFBC}") = "EqualityAndComparisonsForStrings", "EqualityAndComparisonsForStrings\EqualityAndComparisonsForStrings.csproj", "{3367B6AB-E37C-4278-9138-B62F71D814A6}"
EndProject
Project("{FAE04EC0-301F-11D3-BF4B-00C04F79EFBC}") = "EqualityAndComparison", "EqualityAndComparison\EqualityAndComparison.csproj", "{F51D05FC-8E89-4B83-A3AF-76B9202C3C98}"
EndProject
Project("{FAE04EC0-301F-11D3-BF4B-00C04F79EFBC}") = "StructuralEqualityAndComparisons", "StructuralEqualityAndComparisons\StructuralEqualityAndComparisons.csproj", "{F768FB65-E1AB-417E-8563-F282E93D5F44}"
EndProject
Project("{FAE04EC0-301F-11D3-BF4B-00C04F79EFBC}") = "InsideArrays", "InsideArrays\InsideArrays.csproj", "{F7D1AD0F-902A-4928-9ABB-6D0095137005}"
EndProject
Project("{FAE04EC0-301F-11D3-BF4B-00C04F79EFBC}") = "TheArrayType", "TheArrayType\TheArrayType.csproj", "{6ADF3D01-6F07-4B91-B087-5CB7511D2389}"
EndProject
Project("{FAE04EC0-301F-11D3-BF4B-00C04F79EFBC}") = "Lists", "Lists\Lists.csproj", "{778B8094-71B2-4A30-B6AD-B01614723C49}"
EndProject
Project("{FAE04EC0-301F-11D3-BF4B-00C04F79EFBC}") = "LinkedListStackQueue", "LinkedListStackQueue\LinkedListStackQueue.csproj", "{0FE4F759-1113-444E-8C87-908EAB8B6DFF}"
EndProject
Global
	GlobalSection(SolutionConfigurationPlatforms) = preSolution
		Debug|Any CPU = Debug|Any CPU
		Release|Any CPU = Release|Any CPU
	EndGlobalSection
	GlobalSection(ProjectConfigurationPlatforms) = postSolution
		{E2D930AE-3C7A-478F-B873-9E5E5962E9E3}.Debug|Any CPU.ActiveCfg = Debug|Any CPU
		{E2D930AE-3C7A-478F-B873-9E5E5962E9E3}.Debug|Any CPU.Build.0 = Debug|Any CPU
		{E2D930AE-3C7A-478F-B873-9E5E5962E9E3}.Release|Any CPU.ActiveCfg = Release|Any CPU
		{E2D930AE-3C7A-478F-B873-9E5E5962E9E3}.Release|Any CPU.Build.0 = Release|Any CPU
		{9FBA3C02-F296-42D6-A518-D674EE929382}.Debug|Any CPU.ActiveCfg = Debug|Any CPU
		{9FBA3C02-F296-42D6-A518-D674EE929382}.Debug|Any CPU.Build.0 = Debug|Any CPU
		{9FBA3C02-F296-42D6-A518-D674EE929382}.Release|Any CPU.ActiveCfg = Release|Any CPU
		{9FBA3C02-F296-42D6-A518-D674EE929382}.Release|Any CPU.Build.0 = Release|Any CPU
		{F6F693FC-0163-4ACD-838A-BC06B800D656}.Debug|Any CPU.ActiveCfg = Debug|Any CPU
		{F6F693FC-0163-4ACD-838A-BC06B800D656}.Debug|Any CPU.Build.0 = Debug|Any CPU
		{F6F693FC-0163-4ACD-838A-BC06B800D656}.Release|Any CPU.ActiveCfg = Release|Any CPU
		{F6F693FC-0163-4ACD-838A-BC06B800D656}.Release|Any CPU.Build.0 = Release|Any CPU
		{33607F7E-0FF9-4158-8940-F30AFC91200B}.Debug|Any CPU.ActiveCfg = Debug|Any CPU
		{33607F7E-0FF9-4158-8940-F30AFC91200B}.Debug|Any CPU.Build.0 = Debug|Any CPU
		{33607F7E-0FF9-4158-8940-F30AFC91200B}.Release|Any CPU.ActiveCfg = Release|Any CPU
		{33607F7E-0FF9-4158-8940-F30AFC91200B}.Release|Any CPU.Build.0 = Release|Any CPU
		{46F9B114-5F97-43E5-B06F-83EBED9A3CEF}.Debug|Any CPU.ActiveCfg = Debug|Any CPU
		{46F9B114-5F97-43E5-B06F-83EBED9A3CEF}.Debug|Any CPU.Build.0 = Debug|Any CPU
		{46F9B114-5F97-43E5-B06F-83EBED9A3CEF}.Release|Any CPU.ActiveCfg = Release|Any CPU
		{46F9B114-5F97-43E5-B06F-83EBED9A3CEF}.Release|Any CPU.Build.0 = Release|Any CPU
		{9A1BCDBA-B811-4696-B701-BA564C6E498A}.Debug|Any CPU.ActiveCfg = Debug|Any CPU
		{9A1BCDBA-B811-4696-B701-BA564C6E498A}.Debug|Any CPU.Build.0 = Debug|Any CPU
		{9A1BCDBA-B811-4696-B701-BA564C6E498A}.Release|Any CPU.ActiveCfg = Release|Any CPU
		{9A1BCDBA-B811-4696-B701-BA564C6E498A}.Release|Any CPU.Build.0 = Release|Any CPU
		{637D1689-AE6E-464C-A374-E8CB46AE3FD9}.Debug|Any CPU.ActiveCfg = Debug|Any CPU
		{637D1689-AE6E-464C-A374-E8CB46AE3FD9}.Debug|Any CPU.Build.0 = Debug|Any CPU
		{637D1689-AE6E-464C-A374-E8CB46AE3FD9}.Release|Any CPU.ActiveCfg = Release|Any CPU
		{637D1689-AE6E-464C-A374-E8CB46AE3FD9}.Release|Any CPU.Build.0 = Release|Any CPU
		{3367B6AB-E37C-4278-9138-B62F71D814A6}.Debug|Any CPU.ActiveCfg = Debug|Any CPU
		{3367B6AB-E37C-4278-9138-B62F71D814A6}.Debug|Any CPU.Build.0 = Debug|Any CPU
		{3367B6AB-E37C-4278-9138-B62F71D814A6}.Release|Any CPU.ActiveCfg = Release|Any CPU
		{3367B6AB-E37C-4278-9138-B62F71D814A6}.Release|Any CPU.Build.0 = Release|Any CPU
		{F51D05FC-8E89-4B83-A3AF-76B9202C3C98}.Debug|Any CPU.ActiveCfg = Debug|Any CPU
		{F51D05FC-8E89-4B83-A3AF-76B9202C3C98}.Debug|Any CPU.Build.0 = Debug|Any CPU
		{F51D05FC-8E89-4B83-A3AF-76B9202C3C98}.Release|Any CPU.ActiveCfg = Release|Any CPU
		{F51D05FC-8E89-4B83-A3AF-76B9202C3C98}.Release|Any CPU.Build.0 = Release|Any CPU
		{F768FB65-E1AB-417E-8563-F282E93D5F44}.Debug|Any CPU.ActiveCfg = Debug|Any CPU
		{F768FB65-E1AB-417E-8563-F282E93D5F44}.Debug|Any CPU.Build.0 = Debug|Any CPU
		{F768FB65-E1AB-417E-8563-F282E93D5F44}.Release|Any CPU.ActiveCfg = Release|Any CPU
		{F768FB65-E1AB-417E-8563-F282E93D5F44}.Release|Any CPU.Build.0 = Release|Any CPU
		{F7D1AD0F-902A-4928-9ABB-6D0095137005}.Debug|Any CPU.ActiveCfg = Debug|Any CPU
		{F7D1AD0F-902A-4928-9ABB-6D0095137005}.Debug|Any CPU.Build.0 = Debug|Any CPU
		{F7D1AD0F-902A-4928-9ABB-6D0095137005}.Release|Any CPU.ActiveCfg = Release|Any CPU
		{F7D1AD0F-902A-4928-9ABB-6D0095137005}.Release|Any CPU.Build.0 = Release|Any CPU
		{6ADF3D01-6F07-4B91-B087-5CB7511D2389}.Debug|Any CPU.ActiveCfg = Debug|Any CPU
		{6ADF3D01-6F07-4B91-B087-5CB7511D2389}.Debug|Any CPU.Build.0 = Debug|Any CPU
		{6ADF3D01-6F07-4B91-B087-5CB7511D2389}.Release|Any CPU.ActiveCfg = Release|Any CPU
		{6ADF3D01-6F07-4B91-B087-5CB7511D2389}.Release|Any CPU.Build.0 = Release|Any CPU
		{778B8094-71B2-4A30-B6AD-B01614723C49}.Debug|Any CPU.ActiveCfg = Debug|Any CPU
		{778B8094-71B2-4A30-B6AD-B01614723C49}.Debug|Any CPU.Build.0 = Debug|Any CPU
		{778B8094-71B2-4A30-B6AD-B01614723C49}.Release|Any CPU.ActiveCfg = Release|Any CPU
		{778B8094-71B2-4A30-B6AD-B01614723C49}.Release|Any CPU.Build.0 = Release|Any CPU
		{0FE4F759-1113-444E-8C87-908EAB8B6DFF}.Debug|Any CPU.ActiveCfg = Debug|Any CPU
		{0FE4F759-1113-444E-8C87-908EAB8B6DFF}.Debug|Any CPU.Build.0 = Debug|Any CPU
		{0FE4F759-1113-444E-8C87-908EAB8B6DFF}.Release|Any CPU.ActiveCfg = Release|Any CPU
		{0FE4F759-1113-444E-8C87-908EAB8B6DFF}.Release|Any CPU.Build.0 = Release|Any CPU
	EndGlobalSection
EndGlobal
